
Microsoft Visual Studio Solution File, Format Version 12.00
# Visual Studio Version 17
VisualStudioVersion = 17.3.32922.545
MinimumVisualStudioVersion = 10.0.40219.1
Project("{9A19103F-16F7-4668-BE54-9A1E7A4F7556}") = "ModuleRegistry.Api", "src\ModuleRegistry.Api\ModuleRegistry.Api.csproj", "{1F576EA8-E526-455D-96C7-B2651AE5D322}"
EndProject
Global
	GlobalSection(SolutionConfigurationPlatforms) = preSolution
		Debug|Any CPU = Debug|Any CPU
		Release|Any CPU = Release|Any CPU
	EndGlobalSection
	GlobalSection(ProjectConfigurationPlatforms) = postSolution
		{1F576EA8-E526-455D-96C7-B2651AE5D322}.Debug|Any CPU.ActiveCfg = Debug|Any CPU
		{1F576EA8-E526-455D-96C7-B2651AE5D322}.Debug|Any CPU.Build.0 = Debug|Any CPU
		{1F576EA8-E526-455D-96C7-B2651AE5D322}.Release|Any CPU.ActiveCfg = Release|Any CPU
		{1F576EA8-E526-455D-96C7-B2651AE5D322}.Release|Any CPU.Build.0 = Release|Any CPU
	EndGlobalSection
	GlobalSection(SolutionProperties) = preSolution
		HideSolutionNode = FALSE
	EndGlobalSection
	GlobalSection(ExtensibilityGlobals) = postSolution
		SolutionGuid = {5222C434-9C9B-465A-BF6E-51E2C3F95991}
	EndGlobalSection
EndGlobal
